
Microsoft Visual Studio Solution File, Format Version 12.00
# Visual Studio 15
Project("{FAE04EC0-301F-11D3-BF4B-00C04F79EFBC}") = "Assembly-CSharp", "Assembly-CSharp.csproj", "{7F594C85-481B-1C90-A4F9-C54934EC0FCF}"
EndProject
Project("{FAE04EC0-301F-11D3-BF4B-00C04F79EFBC}") = "Assembly-CSharp-Editor", "Assembly-CSharp-Editor.csproj", "{FA837A76-10C4-8286-6769-43F7BC1ACD2D}"
EndProject
Global
	GlobalSection(SolutionConfigurationPlatforms) = preSolution
		Debug|Any CPU = Debug|Any CPU
		Release|Any CPU = Release|Any CPU
	EndGlobalSection
	GlobalSection(ProjectConfigurationPlatforms) = postSolution
		{7F594C85-481B-1C90-A4F9-C54934EC0FCF}.Debug|Any CPU.ActiveCfg = Debug|Any CPU
		{7F594C85-481B-1C90-A4F9-C54934EC0FCF}.Debug|Any CPU.Build.0 = Debug|Any CPU
		{7F594C85-481B-1C90-A4F9-C54934EC0FCF}.Release|Any CPU.ActiveCfg = Release|Any CPU
		{7F594C85-481B-1C90-A4F9-C54934EC0FCF}.Release|Any CPU.Build.0 = Release|Any CPU
		{FA837A76-10C4-8286-6769-43F7BC1ACD2D}.Debug|Any CPU.ActiveCfg = Debug|Any CPU
		{FA837A76-10C4-8286-6769-43F7BC1ACD2D}.Debug|Any CPU.Build.0 = Debug|Any CPU
		{FA837A76-10C4-8286-6769-43F7BC1ACD2D}.Release|Any CPU.ActiveCfg = Release|Any CPU
		{FA837A76-10C4-8286-6769-43F7BC1ACD2D}.Release|Any CPU.Build.0 = Release|Any CPU
	EndGlobalSection
	GlobalSection(SolutionProperties) = preSolution
		HideSolutionNode = FALSE
	EndGlobalSection
EndGlobal
